
Microsoft Visual Studio Solution File, Format Version 11.00
# Visual Studio 2010
Project("{8BC9CEB8-8B4A-11D0-8D11-00A0C91BC942}") = "testHMM", "testHMM\testHMM.vcxproj", "{695E88A6-A26C-4320-BE45-03640237092A}"
EndProject
Global
	GlobalSection(SolutionConfigurationPlatforms) = preSolution
		Debug|Win32 = Debug|Win32
		Release|Win32 = Release|Win32
	EndGlobalSection
	GlobalSection(ProjectConfigurationPlatforms) = postSolution
		{695E88A6-A26C-4320-BE45-03640237092A}.Debug|Win32.ActiveCfg = Debug|Win32
		{695E88A6-A26C-4320-BE45-03640237092A}.Debug|Win32.Build.0 = Debug|Win32
		{695E88A6-A26C-4320-BE45-03640237092A}.Release|Win32.ActiveCfg = Release|Win32
		{695E88A6-A26C-4320-BE45-03640237092A}.Release|Win32.Build.0 = Release|Win32
	EndGlobalSection
	GlobalSection(SolutionProperties) = preSolution
		HideSolutionNode = FALSE
	EndGlobalSection
EndGlobal
